// !$*UTF8*$!
{
	archiveVersion = 1;
	classes = {
	};
	objectVersion = 46;
	objects = {

/* Begin PBXBuildFile section */
		CE4A25E11E8424C7001D6CA1 /* AlbumDetailViewController.swift in Sources */ = {isa = PBXBuildFile; fileRef = CE4A25E01E8424C7001D6CA1 /* AlbumDetailViewController.swift */; };
		CE4A25E31E842571001D6CA1 /* Album.swift in Sources */ = {isa = PBXBuildFile; fileRef = CE4A25E21E842571001D6CA1 /* Album.swift */; };
		CE4A25E81E842FF4001D6CA1 /* AlbumTableViewCell.swift in Sources */ = {isa = PBXBuildFile; fileRef = CE4A25E71E842FF4001D6CA1 /* AlbumTableViewCell.swift */; };
		CEAFAB5F1E82C832007A9395 /* AppDelegate.swift in Sources */ = {isa = PBXBuildFile; fileRef = CEAFAB5E1E82C832007A9395 /* AppDelegate.swift */; };
		CEAFAB611E82C832007A9395 /* ViewController.swift in Sources */ = {isa = PBXBuildFile; fileRef = CEAFAB601E82C832007A9395 /* ViewController.swift */; };
		CEAFAB641E82C832007A9395 /* Main.storyboard in Resources */ = {isa = PBXBuildFile; fileRef = CEAFAB621E82C832007A9395 /* Main.storyboard */; };
		CEAFAB661E82C832007A9395 /* Assets.xcassets in Resources */ = {isa = PBXBuildFile; fileRef = CEAFAB651E82C832007A9395 /* Assets.xcassets */; };
		CEAFAB691E82C832007A9395 /* LaunchScreen.storyboard in Resources */ = {isa = PBXBuildFile; fileRef = CEAFAB671E82C832007A9395 /* LaunchScreen.storyboard */; };
		CEAFAB711E82D20A007A9395 /* AddAlbumViewController.swift in Sources */ = {isa = PBXBuildFile; fileRef = CEAFAB701E82D20A007A9395 /* AddAlbumViewController.swift */; };
/* End PBXBuildFile section */

/* Begin PBXFileReference section */
		CE4A25E01E8424C7001D6CA1 /* AlbumDetailViewController.swift */ = {isa = PBXFileReference; fileEncoding = 4; lastKnownFileType = sourcecode.swift; name = AlbumDetailViewController.swift; path = ../AlbumDetailViewController.swift; sourceTree = "<group>"; };
		CE4A25E21E842571001D6CA1 /* Album.swift */ = {isa = PBXFileReference; fileEncoding = 4; lastKnownFileType = sourcecode.swift; path = Album.swift; sourceTree = "<group>"; };
		CE4A25E71E842FF4001D6CA1 /* AlbumTableViewCell.swift */ = {isa = PBXFileReference; fileEncoding = 4; lastKnownFileType = sourcecode.swift; path = AlbumTableViewCell.swift; sourceTree = "<group>"; };
		CEAFAB5B1E82C832007A9395 /* AlbumStore.app */ = {isa = PBXFileReference; explicitFileType = wrapper.application; includeInIndex = 0; path = AlbumStore.app; sourceTree = BUILT_PRODUCTS_DIR; };
		CEAFAB5E1E82C832007A9395 /* AppDelegate.swift */ = {isa = PBXFileReference; lastKnownFileType = sourcecode.swift; path = AppDelegate.swift; sourceTree = "<group>"; };
		CEAFAB601E82C832007A9395 /* ViewController.swift */ = {isa = PBXFileReference; lastKnownFileType = sourcecode.swift; path = ViewController.swift; sourceTree = "<group>"; };
		CEAFAB631E82C832007A9395 /* Base */ = {isa = PBXFileReference; lastKnownFileType = file.storyboard; name = Base; path = Base.lproj/Main.storyboard; sourceTree = "<group>"; };
		CEAFAB651E82C832007A9395 /* Assets.xcassets */ = {isa = PBXFileReference; lastKnownFileType = folder.assetcatalog; path = Assets.xcassets; sourceTree = "<group>"; };
		CEAFAB681E82C832007A9395 /* Base */ = {isa = PBXFileReference; lastKnownFileType = file.storyboard; name = Base; path = Base.lproj/LaunchScreen.storyboard; sourceTree = "<group>"; };
		CEAFAB6A1E82C832007A9395 /* Info.plist */ = {isa = PBXFileReference; lastKnownFileType = text.plist.xml; path = Info.plist; sourceTree = "<group>"; };
		CEAFAB701E82D20A007A9395 /* AddAlbumViewController.swift */ = {isa = PBXFileReference; fileEncoding = 4; lastKnownFileType = sourcecode.swift; path = AddAlbumViewController.swift; sourceTree = "<group>"; };
/* End PBXFileReference section */

/* Begin PBXFrameworksBuildPhase section */
		CEAFAB581E82C832007A9395 /* Frameworks */ = {
			isa = PBXFrameworksBuildPhase;
			buildActionMask = 2147483647;
			files = (
			);
			runOnlyForDeploymentPostprocessing = 0;
		};
/* End PBXFrameworksBuildPhase section */

/* Begin PBXGroup section */
		CE4A25E41E84260B001D6CA1 /* Model */ = {
			isa = PBXGroup;
			children = (
				CE4A25E21E842571001D6CA1 /* Album.swift */,
			);
			name = Model;
			sourceTree = "<group>";
		};
		CE4A25E51E842615001D6CA1 /* View */ = {
			isa = PBXGroup;
			children = (
				CE4A25E71E842FF4001D6CA1 /* AlbumTableViewCell.swift */,
			);
			name = View;
			sourceTree = "<group>";
		};
		CE4A25E61E84261C001D6CA1 /* Controller */ = {
			isa = PBXGroup;
			children = (
				CEAFAB5E1E82C832007A9395 /* AppDelegate.swift */,
				CEAFAB601E82C832007A9395 /* ViewController.swift */,
				CE4A25E01E8424C7001D6CA1 /* AlbumDetailViewController.swift */,
				CEAFAB701E82D20A007A9395 /* AddAlbumViewController.swift */,
			);
			name = Controller;
			sourceTree = "<group>";
		};
		CEAFAB521E82C832007A9395 = {
			isa = PBXGroup;
			children = (
				CEAFAB5D1E82C832007A9395 /* AlbumStore */,
				CEAFAB5C1E82C832007A9395 /* Products */,
			);
			sourceTree = "<group>";
		};
		CEAFAB5C1E82C832007A9395 /* Products */ = {
			isa = PBXGroup;
			children = (
				CEAFAB5B1E82C832007A9395 /* AlbumStore.app */,
			);
			name = Products;
			sourceTree = "<group>";
		};
		CEAFAB5D1E82C832007A9395 /* AlbumStore */ = {
			isa = PBXGroup;
			children = (
				CE4A25E61E84261C001D6CA1 /* Controller */,
				CE4A25E51E842615001D6CA1 /* View */,
				CE4A25E41E84260B001D6CA1 /* Model */,
				CEAFAB621E82C832007A9395 /* Main.storyboard */,
				CEAFAB651E82C832007A9395 /* Assets.xcassets */,
				CEAFAB671E82C832007A9395 /* LaunchScreen.storyboard */,
				CEAFAB6A1E82C832007A9395 /* Info.plist */,
			);
			path = AlbumStore;
			sourceTree = "<group>";
		};
/* End PBXGroup section */

/* Begin PBXNativeTarget section */
		CEAFAB5A1E82C832007A9395 /* AlbumStore */ = {
			isa = PBXNativeTarget;
			buildConfigurationList = CEAFAB6D1E82C832007A9395 /* Build configuration list for PBXNativeTarget "AlbumStore" */;
			buildPhases = (
				CEAFAB571E82C832007A9395 /* Sources */,
				CEAFAB581E82C832007A9395 /* Frameworks */,
				CEAFAB591E82C832007A9395 /* Resources */,
			);
			buildRules = (
			);
			dependencies = (
			);
			name = AlbumStore;
			productName = AlbumStore;
			productReference = CEAFAB5B1E82C832007A9395 /* AlbumStore.app */;
			productType = "com.apple.product-type.application";
		};
/* End PBXNativeTarget section */

/* Begin PBXProject section */
		CEAFAB531E82C832007A9395 /* Project object */ = {
			isa = PBXProject;
			attributes = {
				LastSwiftUpdateCheck = 0820;
				LastUpgradeCheck = 0820;
				ORGANIZATIONNAME = brooks.dubois;
				TargetAttributes = {
					CEAFAB5A1E82C832007A9395 = {
						CreatedOnToolsVersion = 8.2;
						ProvisioningStyle = Automatic;
					};
				};
			};
			buildConfigurationList = CEAFAB561E82C832007A9395 /* Build configuration list for PBXProject "AlbumStore" */;
			compatibilityVersion = "Xcode 3.2";
			developmentRegion = English;
			hasScannedForEncodings = 0;
			knownRegions = (
				en,
				Base,
			);
			mainGroup = CEAFAB521E82C832007A9395;
			productRefGroup = CEAFAB5C1E82C832007A9395 /* Products */;
			projectDirPath = "";
			projectRoot = "";
			targets = (
				CEAFAB5A1E82C832007A9395 /* AlbumStore */,
			);
		};
/* End PBXProject section */

/* Begin PBXResourcesBuildPhase section */
		CEAFAB591E82C832007A9395 /* Resources */ = {
			isa = PBXResourcesBuildPhase;
			buildActionMask = 2147483647;
			files = (
				CEAFAB691E82C832007A9395 /* LaunchScreen.storyboard in Resources */,
				CEAFAB661E82C832007A9395 /* Assets.xcassets in Resources */,
				CEAFAB641E82C832007A9395 /* Main.storyboard in Resources */,
			);
			runOnlyForDeploymentPostprocessing = 0;
		};
/* End PBXResourcesBuildPhase section */

/* Begin PBXSourcesBuildPhase section */
		CEAFAB571E82C832007A9395 /* Sources */ = {
			isa = PBXSourcesBuildPhase;
			buildActionMask = 2147483647;
			files = (
				CEAFAB711E82D20A007A9395 /* AddAlbumViewController.swift in Sources */,
				CE4A25E11E8424C7001D6CA1 /* AlbumDetailViewController.swift in Sources */,
				CEAFAB611E82C832007A9395 /* ViewController.swift in Sources */,
				CEAFAB5F1E82C832007A9395 /* AppDelegate.swift in Sources */,
				CE4A25E31E842571001D6CA1 /* Album.swift in Sources */,
				CE4A25E81E842FF4001D6CA1 /* AlbumTableViewCell.swift in Sources */,
			);
			runOnlyForDeploymentPostprocessing = 0;
		};
/* End PBXSourcesBuildPhase section */

/* Begin PBXVariantGroup section */
		CEAFAB621E82C832007A9395 /* Main.storyboard */ = {
			isa = PBXVariantGroup;
			children = (
				CEAFAB631E82C832007A9395 /* Base */,
			);
			name = Main.storyboard;
			sourceTree = "<group>";
		};
		CEAFAB671E82C832007A9395 /* LaunchScreen.storyboard */ = {
			isa = PBXVariantGroup;
			children = (
				CEAFAB681E82C832007A9395 /* Base */,
			);
			name = LaunchScreen.storyboard;
			sourceTree = "<group>";
		};
/* End PBXVariantGroup section */

/* Begin XCBuildConfiguration section */
		CEAFAB6B1E82C832007A9395 /* Debug */ = {
			isa = XCBuildConfiguration;
			buildSettings = {
				ALWAYS_SEARCH_USER_PATHS = NO;
				CLANG_ANALYZER_NONNULL = YES;
				CLANG_CXX_LANGUAGE_STANDARD = "gnu++0x";
				CLANG_CXX_LIBRARY = "libc++";
				CLANG_ENABLE_MODULES = YES;
				CLANG_ENABLE_OBJC_ARC = YES;
				CLANG_WARN_BOOL_CONVERSION = YES;
				CLANG_WARN_CONSTANT_CONVERSION = YES;
				CLANG_WARN_DIRECT_OBJC_ISA_USAGE = YES_ERROR;
				CLANG_WARN_DOCUMENTATION_COMMENTS = YES;
				CLANG_WARN_EMPTY_BODY = YES;
				CLANG_WARN_ENUM_CONVERSION = YES;
				CLANG_WARN_INFINITE_RECURSION = YES;
				CLANG_WARN_INT_CONVERSION = YES;
				CLANG_WARN_OBJC_ROOT_CLASS = YES_ERROR;
				CLANG_WARN_SUSPICIOUS_MOVE = YES;
				CLANG_WARN_UNREACHABLE_CODE = YES;
				CLANG_WARN__DUPLICATE_METHOD_MATCH = YES;
				"CODE_SIGN_IDENTITY[sdk=iphoneos*]" = "iPhone Developer";
				COPY_PHASE_STRIP = NO;
				DEBUG_INFORMATION_FORMAT = dwarf;
				ENABLE_STRICT_OBJC_MSGSEND = YES;
				ENABLE_TESTABILITY = YES;
				GCC_C_LANGUAGE_STANDARD = gnu99;
				GCC_DYNAMIC_NO_PIC = NO;
				GCC_NO_COMMON_BLOCKS = YES;
				GCC_OPTIMIZATION_LEVEL = 0;
				GCC_PREPROCESSOR_DEFINITIONS = (
					"DEBUG=1",
					"$(inherited)",
				);
				GCC_WARN_64_TO_32_BIT_CONVERSION = YES;
				GCC_WARN_ABOUT_RETURN_TYPE = YES_ERROR;
				GCC_WARN_UNDECLARED_SELECTOR = YES;
				GCC_WARN_UNINITIALIZED_AUTOS = YES_AGGRESSIVE;
				GCC_WARN_UNUSED_FUNCTION = YES;
				GCC_WARN_UNUSED_VARIABLE = YES;
				IPHONEOS_DEPLOYMENT_TARGET = 10.2;
				MTL_ENABLE_DEBUG_INFO = YES;
				ONLY_ACTIVE_ARCH = YES;
				SDKROOT = iphoneos;
				SWIFT_ACTIVE_COMPILATION_CONDITIONS = DEBUG;
				SWIFT_OPTIMIZATION_LEVEL = "-Onone";
			};
			name = Debug;
		};
		CEAFAB6C1E82C832007A9395 /* Release */ = {
			isa = XCBuildConfiguration;
			buildSettings = {
				ALWAYS_SEARCH_USER_PATHS = NO;
				CLANG_ANALYZER_NONNULL = YES;
				CLANG_CXX_LANGUAGE_STANDARD = "gnu++0x";
				CLANG_CXX_LIBRARY = "libc++";
				CLANG_ENABLE_MODULES = YES;
				CLANG_ENABLE_OBJC_ARC = YES;
				CLANG_WARN_BOOL_CONVERSION = YES;
				CLANG_WARN_CONSTANT_CONVERSION = YES;
				CLANG_WARN_DIRECT_OBJC_ISA_USAGE = YES_ERROR;
				CLANG_WARN_DOCUMENTATION_COMMENTS = YES;
				CLANG_WARN_EMPTY_BODY = YES;
				CLANG_WARN_ENUM_CONVERSION = YES;
				CLANG_WARN_INFINITE_RECURSION = YES;
				CLANG_WARN_INT_CONVERSION = YES;
				CLANG_WARN_OBJC_ROOT_CLASS = YES_ERROR;
				CLANG_WARN_SUSPICIOUS_MOVE = YES;
				CLANG_WARN_UNREACHABLE_CODE = YES;
				CLANG_WARN__DUPLICATE_METHOD_MATCH = YES;
				"CODE_SIGN_IDENTITY[sdk=iphoneos*]" = "iPhone Developer";
				COPY_PHASE_STRIP = NO;
				DEBUG_INFORMATION_FORMAT = "dwarf-with-dsym";
				ENABLE_NS_ASSERTIONS = NO;
				ENABLE_STRICT_OBJC_MSGSEND = YES;
				GCC_C_LANGUAGE_STANDARD = gnu99;
				GCC_NO_COMMON_BLOCKS = YES;
				GCC_WARN_64_TO_32_BIT_CONVERSION = YES;
				GCC_WARN_ABOUT_RETURN_TYPE = YES_ERROR;
				GCC_WARN_UNDECLARED_SELECTOR = YES;
				GCC_WARN_UNINITIALIZED_AUTOS = YES_AGGRESSIVE;
				GCC_WARN_UNUSED_FUNCTION = YES;
				GCC_WARN_UNUSED_VARIABLE = YES;
				IPHONEOS_DEPLOYMENT_TARGET = 10.2;
				MTL_ENABLE_DEBUG_INFO = NO;
				SDKROOT = iphoneos;
				SWIFT_OPTIMIZATION_LEVEL = "-Owholemodule";
				VALIDATE_PRODUCT = YES;
			};
			name = Release;
		};
		CEAFAB6E1E82C832007A9395 /* Debug */ = {
			isa = XCBuildConfiguration;
			buildSettings = {
				ASSETCATALOG_COMPILER_APPICON_NAME = AppIcon;
				INFOPLIST_FILE = AlbumStore/Info.plist;
				LD_RUNPATH_SEARCH_PATHS = "$(inherited) @executable_path/Frameworks";
				PRODUCT_BUNDLE_IDENTIFIER = brooks.dubois.AlbumStore;
				PRODUCT_NAME = "$(TARGET_NAME)";
				SWIFT_VERSION = 3.0;
			};
			name = Debug;
		};
		CEAFAB6F1E82C832007A9395 /* Release */ = {
			isa = XCBuildConfiguration;
			buildSettings = {
				ASSETCATALOG_COMPILER_APPICON_NAME = AppIcon;
				INFOPLIST_FILE = AlbumStore/Info.plist;
				LD_RUNPATH_SEARCH_PATHS = "$(inherited) @executable_path/Frameworks";
				PRODUCT_BUNDLE_IDENTIFIER = brooks.dubois.AlbumStore;
				PRODUCT_NAME = "$(TARGET_NAME)";
				SWIFT_VERSION = 3.0;
			};
			name = Release;
		};
/* End XCBuildConfiguration section */

/* Begin XCConfigurationList section */
		CEAFAB561E82C832007A9395 /* Build configuration list for PBXProject "AlbumStore" */ = {
			isa = XCConfigurationList;
			buildConfigurations = (
				CEAFAB6B1E82C832007A9395 /* Debug */,
				CEAFAB6C1E82C832007A9395 /* Release */,
			);
			defaultConfigurationIsVisible = 0;
			defaultConfigurationName = Release;
		};
		CEAFAB6D1E82C832007A9395 /* Build configuration list for PBXNativeTarget "AlbumStore" */ = {
			isa = XCConfigurationList;
			buildConfigurations = (
				CEAFAB6E1E82C832007A9395 /* Debug */,
				CEAFAB6F1E82C832007A9395 /* Release */,
			);
			defaultConfigurationIsVisible = 0;
			defaultConfigurationName = Release;
		};
/* End XCConfigurationList section */
	};
	rootObject = CEAFAB531E82C832007A9395 /* Project object */;
}
